// !$*UTF8*$!
{
	archiveVersion = 1;
	classes = {
	};
	objectVersion = 56;
	objects = {

/* Begin PBXBuildFile section */
		0A1F5CC92914F09D00B13694 /* NetworkError.swift in Sources */ = {isa = PBXBuildFile; fileRef = 0A1F5CC82914F09D00B13694 /* NetworkError.swift */; };
		0A1F5CCB2914FA4000B13694 /* UnwrapError.swift in Sources */ = {isa = PBXBuildFile; fileRef = 0A1F5CCA2914FA4000B13694 /* UnwrapError.swift */; };
		0A1F5CCF2919727C00B13694 /* PokemonURLS.swift in Sources */ = {isa = PBXBuildFile; fileRef = 0A1F5CCE2919727B00B13694 /* PokemonURLS.swift */; };
		0A2D6CA12902ED6400E254E8 /* AppDelegate.swift in Sources */ = {isa = PBXBuildFile; fileRef = 0A2D6CA02902ED6400E254E8 /* AppDelegate.swift */; };
		0A2D6CA52902ED6400E254E8 /* StartViewController.swift in Sources */ = {isa = PBXBuildFile; fileRef = 0A2D6CA42902ED6400E254E8 /* StartViewController.swift */; };
		0A2D6CA82902ED6400E254E8 /* Main.storyboard in Resources */ = {isa = PBXBuildFile; fileRef = 0A2D6CA62902ED6400E254E8 /* Main.storyboard */; };
		0A2D6CAB2902ED6400E254E8 /* PokemonApp.xcdatamodeld in Sources */ = {isa = PBXBuildFile; fileRef = 0A2D6CA92902ED6400E254E8 /* PokemonApp.xcdatamodeld */; };
		0A2D6CAD2902ED6700E254E8 /* Assets.xcassets in Resources */ = {isa = PBXBuildFile; fileRef = 0A2D6CAC2902ED6700E254E8 /* Assets.xcassets */; };
		0A2D6CBB2902ED6700E254E8 /* PokemonAppTests.swift in Sources */ = {isa = PBXBuildFile; fileRef = 0A2D6CBA2902ED6700E254E8 /* PokemonAppTests.swift */; };
		0A2D6CC52902ED6700E254E8 /* PokemonAppUITests.swift in Sources */ = {isa = PBXBuildFile; fileRef = 0A2D6CC42902ED6700E254E8 /* PokemonAppUITests.swift */; };
		0A2D6CC72902ED6700E254E8 /* PokemonAppUITestsLaunchTests.swift in Sources */ = {isa = PBXBuildFile; fileRef = 0A2D6CC62902ED6700E254E8 /* PokemonAppUITestsLaunchTests.swift */; };
		0A2D6CDC290581F700E254E8 /* CoordinatorProtocol.swift in Sources */ = {isa = PBXBuildFile; fileRef = 0A2D6CDB290581F700E254E8 /* CoordinatorProtocol.swift */; };
		0A2D6CDE2905834500E254E8 /* AppCoordinator.swift in Sources */ = {isa = PBXBuildFile; fileRef = 0A2D6CDD2905834500E254E8 /* AppCoordinator.swift */; };
		0A2D6CE42905B67C00E254E8 /* CustomizedNavigationController.swift in Sources */ = {isa = PBXBuildFile; fileRef = 0A2D6CE32905B67C00E254E8 /* CustomizedNavigationController.swift */; };
		0A2D6CE62905B84D00E254E8 /* StartScreenView.swift in Sources */ = {isa = PBXBuildFile; fileRef = 0A2D6CE52905B84D00E254E8 /* StartScreenView.swift */; };
		0A30834F290AD95E00BC15AE /* CharacteristicsViewController.swift in Sources */ = {isa = PBXBuildFile; fileRef = 0A30834E290AD95E00BC15AE /* CharacteristicsViewController.swift */; };
		0A308354290AD98800BC15AE /* PokemonCharacteristics.swift in Sources */ = {isa = PBXBuildFile; fileRef = 0A308353290AD98800BC15AE /* PokemonCharacteristics.swift */; };
		0A308356290ADFF300BC15AE /* CharacteristicsPresenter.swift in Sources */ = {isa = PBXBuildFile; fileRef = 0A308355290ADFF300BC15AE /* CharacteristicsPresenter.swift */; };
		0A308358290AE2EC00BC15AE /* CoreDataManager.swift in Sources */ = {isa = PBXBuildFile; fileRef = 0A308357290AE2EC00BC15AE /* CoreDataManager.swift */; };
		0A927FA3290683E10027C3C4 /* StartPresenter.swift in Sources */ = {isa = PBXBuildFile; fileRef = 0A927FA2290683E10027C3C4 /* StartPresenter.swift */; };
		0A927FA52906840F0027C3C4 /* PokemonData.swift in Sources */ = {isa = PBXBuildFile; fileRef = 0A927FA42906840F0027C3C4 /* PokemonData.swift */; };
		0A927FA729069C090027C3C4 /* NetworkManager.swift in Sources */ = {isa = PBXBuildFile; fileRef = 0A927FA629069C090027C3C4 /* NetworkManager.swift */; };
		0AA7DEEF291A661700174118 /* R.generated.swift in Sources */ = {isa = PBXBuildFile; fileRef = 0AA7DEEE291A661700174118 /* R.generated.swift */; };
		1F9040DAFE75EFEFAA29C153 /* Pods_PokemonAppTests.framework in Frameworks */ = {isa = PBXBuildFile; fileRef = 04F30212AF687EB1CE3748C9 /* Pods_PokemonAppTests.framework */; };
		92FAFE0B7F179062BCD34E08 /* Pods_PokemonApp_PokemonAppUITests.framework in Frameworks */ = {isa = PBXBuildFile; fileRef = D538EB74F67D6061369BD07A /* Pods_PokemonApp_PokemonAppUITests.framework */; };
		F6494F870B52CA65E82134BC /* Pods_PokemonApp.framework in Frameworks */ = {isa = PBXBuildFile; fileRef = 50B254D8BE99C78C30BA0B4C /* Pods_PokemonApp.framework */; };
/* End PBXBuildFile section */

/* Begin PBXContainerItemProxy section */
		0A2D6CB72902ED6700E254E8 /* PBXContainerItemProxy */ = {
			isa = PBXContainerItemProxy;
			containerPortal = 0A2D6C952902ED6300E254E8 /* Project object */;
			proxyType = 1;
			remoteGlobalIDString = 0A2D6C9C2902ED6400E254E8;
			remoteInfo = PokemonApp;
		};
		0A2D6CC12902ED6700E254E8 /* PBXContainerItemProxy */ = {
			isa = PBXContainerItemProxy;
			containerPortal = 0A2D6C952902ED6300E254E8 /* Project object */;
			proxyType = 1;
			remoteGlobalIDString = 0A2D6C9C2902ED6400E254E8;
			remoteInfo = PokemonApp;
		};
/* End PBXContainerItemProxy section */

/* Begin PBXFileReference section */
		04F30212AF687EB1CE3748C9 /* Pods_PokemonAppTests.framework */ = {isa = PBXFileReference; explicitFileType = wrapper.framework; includeInIndex = 0; path = Pods_PokemonAppTests.framework; sourceTree = BUILT_PRODUCTS_DIR; };
		0A1F5CC82914F09D00B13694 /* NetworkError.swift */ = {isa = PBXFileReference; lastKnownFileType = sourcecode.swift; path = NetworkError.swift; sourceTree = "<group>"; };
		0A1F5CCA2914FA4000B13694 /* UnwrapError.swift */ = {isa = PBXFileReference; lastKnownFileType = sourcecode.swift; path = UnwrapError.swift; sourceTree = "<group>"; };
		0A1F5CCE2919727B00B13694 /* PokemonURLS.swift */ = {isa = PBXFileReference; lastKnownFileType = sourcecode.swift; path = PokemonURLS.swift; sourceTree = "<group>"; };
		0A2D6C9D2902ED6400E254E8 /* PokemonApp.app */ = {isa = PBXFileReference; explicitFileType = wrapper.application; includeInIndex = 0; path = PokemonApp.app; sourceTree = BUILT_PRODUCTS_DIR; };
		0A2D6CA02902ED6400E254E8 /* AppDelegate.swift */ = {isa = PBXFileReference; lastKnownFileType = sourcecode.swift; path = AppDelegate.swift; sourceTree = "<group>"; };
		0A2D6CA42902ED6400E254E8 /* StartViewController.swift */ = {isa = PBXFileReference; lastKnownFileType = sourcecode.swift; path = StartViewController.swift; sourceTree = "<group>"; };
		0A2D6CA72902ED6400E254E8 /* Base */ = {isa = PBXFileReference; lastKnownFileType = file.storyboard; name = Base; path = Base.lproj/Main.storyboard; sourceTree = "<group>"; };
		0A2D6CAA2902ED6400E254E8 /* PokemonApp.xcdatamodel */ = {isa = PBXFileReference; lastKnownFileType = wrapper.xcdatamodel; path = PokemonApp.xcdatamodel; sourceTree = "<group>"; };
		0A2D6CAC2902ED6700E254E8 /* Assets.xcassets */ = {isa = PBXFileReference; lastKnownFileType = folder.assetcatalog; path = Assets.xcassets; sourceTree = "<group>"; };
		0A2D6CB12902ED6700E254E8 /* Info.plist */ = {isa = PBXFileReference; lastKnownFileType = text.plist.xml; path = Info.plist; sourceTree = "<group>"; };
		0A2D6CB62902ED6700E254E8 /* PokemonAppTests.xctest */ = {isa = PBXFileReference; explicitFileType = wrapper.cfbundle; includeInIndex = 0; path = PokemonAppTests.xctest; sourceTree = BUILT_PRODUCTS_DIR; };
		0A2D6CBA2902ED6700E254E8 /* PokemonAppTests.swift */ = {isa = PBXFileReference; lastKnownFileType = sourcecode.swift; path = PokemonAppTests.swift; sourceTree = "<group>"; };
		0A2D6CC02902ED6700E254E8 /* PokemonAppUITests.xctest */ = {isa = PBXFileReference; explicitFileType = wrapper.cfbundle; includeInIndex = 0; path = PokemonAppUITests.xctest; sourceTree = BUILT_PRODUCTS_DIR; };
		0A2D6CC42902ED6700E254E8 /* PokemonAppUITests.swift */ = {isa = PBXFileReference; lastKnownFileType = sourcecode.swift; path = PokemonAppUITests.swift; sourceTree = "<group>"; };
		0A2D6CC62902ED6700E254E8 /* PokemonAppUITestsLaunchTests.swift */ = {isa = PBXFileReference; lastKnownFileType = sourcecode.swift; path = PokemonAppUITestsLaunchTests.swift; sourceTree = "<group>"; };
		0A2D6CDB290581F700E254E8 /* CoordinatorProtocol.swift */ = {isa = PBXFileReference; lastKnownFileType = sourcecode.swift; path = CoordinatorProtocol.swift; sourceTree = "<group>"; };
		0A2D6CDD2905834500E254E8 /* AppCoordinator.swift */ = {isa = PBXFileReference; lastKnownFileType = sourcecode.swift; path = AppCoordinator.swift; sourceTree = "<group>"; };
		0A2D6CE32905B67C00E254E8 /* CustomizedNavigationController.swift */ = {isa = PBXFileReference; lastKnownFileType = sourcecode.swift; path = CustomizedNavigationController.swift; sourceTree = "<group>"; };
		0A2D6CE52905B84D00E254E8 /* StartScreenView.swift */ = {isa = PBXFileReference; lastKnownFileType = sourcecode.swift; path = StartScreenView.swift; sourceTree = "<group>"; };
		0A30834E290AD95E00BC15AE /* CharacteristicsViewController.swift */ = {isa = PBXFileReference; lastKnownFileType = sourcecode.swift; path = CharacteristicsViewController.swift; sourceTree = "<group>"; };
		0A308353290AD98800BC15AE /* PokemonCharacteristics.swift */ = {isa = PBXFileReference; lastKnownFileType = sourcecode.swift; path = PokemonCharacteristics.swift; sourceTree = "<group>"; };
		0A308355290ADFF300BC15AE /* CharacteristicsPresenter.swift */ = {isa = PBXFileReference; lastKnownFileType = sourcecode.swift; path = CharacteristicsPresenter.swift; sourceTree = "<group>"; };
		0A308357290AE2EC00BC15AE /* CoreDataManager.swift */ = {isa = PBXFileReference; lastKnownFileType = sourcecode.swift; path = CoreDataManager.swift; sourceTree = "<group>"; };
		0A927FA2290683E10027C3C4 /* StartPresenter.swift */ = {isa = PBXFileReference; lastKnownFileType = sourcecode.swift; path = StartPresenter.swift; sourceTree = "<group>"; };
		0A927FA42906840F0027C3C4 /* PokemonData.swift */ = {isa = PBXFileReference; lastKnownFileType = sourcecode.swift; path = PokemonData.swift; sourceTree = "<group>"; };
		0A927FA629069C090027C3C4 /* NetworkManager.swift */ = {isa = PBXFileReference; lastKnownFileType = sourcecode.swift; path = NetworkManager.swift; sourceTree = "<group>"; };
		0AA7DEEE291A661700174118 /* R.generated.swift */ = {isa = PBXFileReference; fileEncoding = 4; lastKnownFileType = sourcecode.swift; name = R.generated.swift; path = PokemonApp/R.generated.swift; sourceTree = SOURCE_ROOT; };
		368F05BACBDFB5E0E937B8CD /* Pods-PokemonAppTests.release.xcconfig */ = {isa = PBXFileReference; includeInIndex = 1; lastKnownFileType = text.xcconfig; name = "Pods-PokemonAppTests.release.xcconfig"; path = "Target Support Files/Pods-PokemonAppTests/Pods-PokemonAppTests.release.xcconfig"; sourceTree = "<group>"; };
		50B254D8BE99C78C30BA0B4C /* Pods_PokemonApp.framework */ = {isa = PBXFileReference; explicitFileType = wrapper.framework; includeInIndex = 0; path = Pods_PokemonApp.framework; sourceTree = BUILT_PRODUCTS_DIR; };
		8C70AABB38DC86B2715FB857 /* Pods-PokemonApp.release.xcconfig */ = {isa = PBXFileReference; includeInIndex = 1; lastKnownFileType = text.xcconfig; name = "Pods-PokemonApp.release.xcconfig"; path = "Target Support Files/Pods-PokemonApp/Pods-PokemonApp.release.xcconfig"; sourceTree = "<group>"; };
		9CE3F2C08AA5103B7A7977BE /* Pods-PokemonApp-PokemonAppUITests.debug.xcconfig */ = {isa = PBXFileReference; includeInIndex = 1; lastKnownFileType = text.xcconfig; name = "Pods-PokemonApp-PokemonAppUITests.debug.xcconfig"; path = "Target Support Files/Pods-PokemonApp-PokemonAppUITests/Pods-PokemonApp-PokemonAppUITests.debug.xcconfig"; sourceTree = "<group>"; };
		9DB9E8AC1528076BB6D87FAF /* Pods-PokemonAppTests.debug.xcconfig */ = {isa = PBXFileReference; includeInIndex = 1; lastKnownFileType = text.xcconfig; name = "Pods-PokemonAppTests.debug.xcconfig"; path = "Target Support Files/Pods-PokemonAppTests/Pods-PokemonAppTests.debug.xcconfig"; sourceTree = "<group>"; };
		A495AB2AAD78C04D89E7E7C8 /* Pods-PokemonApp-PokemonAppUITests.release.xcconfig */ = {isa = PBXFileReference; includeInIndex = 1; lastKnownFileType = text.xcconfig; name = "Pods-PokemonApp-PokemonAppUITests.release.xcconfig"; path = "Target Support Files/Pods-PokemonApp-PokemonAppUITests/Pods-PokemonApp-PokemonAppUITests.release.xcconfig"; sourceTree = "<group>"; };
		D538EB74F67D6061369BD07A /* Pods_PokemonApp_PokemonAppUITests.framework */ = {isa = PBXFileReference; explicitFileType = wrapper.framework; includeInIndex = 0; path = Pods_PokemonApp_PokemonAppUITests.framework; sourceTree = BUILT_PRODUCTS_DIR; };
		F2E77BA9997312726BB5344C /* Pods-PokemonApp.debug.xcconfig */ = {isa = PBXFileReference; includeInIndex = 1; lastKnownFileType = text.xcconfig; name = "Pods-PokemonApp.debug.xcconfig"; path = "Target Support Files/Pods-PokemonApp/Pods-PokemonApp.debug.xcconfig"; sourceTree = "<group>"; };
/* End PBXFileReference section */

/* Begin PBXFrameworksBuildPhase section */
		0A2D6C9A2902ED6400E254E8 /* Frameworks */ = {
			isa = PBXFrameworksBuildPhase;
			buildActionMask = 2147483647;
			files = (
				F6494F870B52CA65E82134BC /* Pods_PokemonApp.framework in Frameworks */,
			);
			runOnlyForDeploymentPostprocessing = 0;
		};
		0A2D6CB32902ED6700E254E8 /* Frameworks */ = {
			isa = PBXFrameworksBuildPhase;
			buildActionMask = 2147483647;
			files = (
				1F9040DAFE75EFEFAA29C153 /* Pods_PokemonAppTests.framework in Frameworks */,
			);
			runOnlyForDeploymentPostprocessing = 0;
		};
		0A2D6CBD2902ED6700E254E8 /* Frameworks */ = {
			isa = PBXFrameworksBuildPhase;
			buildActionMask = 2147483647;
			files = (
				92FAFE0B7F179062BCD34E08 /* Pods_PokemonApp_PokemonAppUITests.framework in Frameworks */,
			);
			runOnlyForDeploymentPostprocessing = 0;
		};
/* End PBXFrameworksBuildPhase section */

/* Begin PBXGroup section */
		0A1F5CCC2915069E00B13694 /* WorkFiles */ = {
			isa = PBXGroup;
			children = (
				0AA7DEEE291A661700174118 /* R.generated.swift */,
				0A1F5CCD291506A600B13694 /* Errors */,
				0A1F5CCE2919727B00B13694 /* PokemonURLS.swift */,
			);
			path = WorkFiles;
			sourceTree = "<group>";
		};
		0A1F5CCD291506A600B13694 /* Errors */ = {
			isa = PBXGroup;
			children = (
				0A1F5CC82914F09D00B13694 /* NetworkError.swift */,
				0A1F5CCA2914FA4000B13694 /* UnwrapError.swift */,
			);
			path = Errors;
			sourceTree = "<group>";
		};
		0A2D6C942902ED6300E254E8 = {
			isa = PBXGroup;
			children = (
				0A2D6C9F2902ED6400E254E8 /* PokemonApp */,
				0A2D6CB92902ED6700E254E8 /* PokemonAppTests */,
				0A2D6CC32902ED6700E254E8 /* PokemonAppUITests */,
				0A2D6C9E2902ED6400E254E8 /* Products */,
				9C16DDC9C146D13022AC33FD /* Pods */,
				8C8612FCE41E90B4CD40760D /* Frameworks */,
			);
			sourceTree = "<group>";
		};
		0A2D6C9E2902ED6400E254E8 /* Products */ = {
			isa = PBXGroup;
			children = (
				0A2D6C9D2902ED6400E254E8 /* PokemonApp.app */,
				0A2D6CB62902ED6700E254E8 /* PokemonAppTests.xctest */,
				0A2D6CC02902ED6700E254E8 /* PokemonAppUITests.xctest */,
			);
			name = Products;
			sourceTree = "<group>";
		};
		0A2D6C9F2902ED6400E254E8 /* PokemonApp */ = {
			isa = PBXGroup;
			children = (
				0A1F5CCC2915069E00B13694 /* WorkFiles */,
				0A984C0C290863AA00313BAA /* PokemonCharacteristicsModule */,
				0A984C082908631300313BAA /* PokemonsTableModule */,
				0A2D6CE02905B62C00E254E8 /* DataManagers */,
				0A2D6CDF2905B56900E254E8 /* UIElements */,
				0A2D6CDA290581DA00E254E8 /* Coordinator */,
				0A2D6CA02902ED6400E254E8 /* AppDelegate.swift */,
				0A2D6CA62902ED6400E254E8 /* Main.storyboard */,
				0A2D6CAC2902ED6700E254E8 /* Assets.xcassets */,
				0A2D6CB12902ED6700E254E8 /* Info.plist */,
				0A2D6CA92902ED6400E254E8 /* PokemonApp.xcdatamodeld */,
			);
			path = PokemonApp;
			sourceTree = "<group>";
		};
		0A2D6CB92902ED6700E254E8 /* PokemonAppTests */ = {
			isa = PBXGroup;
			children = (
				0A2D6CBA2902ED6700E254E8 /* PokemonAppTests.swift */,
			);
			path = PokemonAppTests;
			sourceTree = "<group>";
		};
		0A2D6CC32902ED6700E254E8 /* PokemonAppUITests */ = {
			isa = PBXGroup;
			children = (
				0A2D6CC42902ED6700E254E8 /* PokemonAppUITests.swift */,
				0A2D6CC62902ED6700E254E8 /* PokemonAppUITestsLaunchTests.swift */,
			);
			path = PokemonAppUITests;
			sourceTree = "<group>";
		};
		0A2D6CDA290581DA00E254E8 /* Coordinator */ = {
			isa = PBXGroup;
			children = (
				0A2D6CDB290581F700E254E8 /* CoordinatorProtocol.swift */,
				0A2D6CDD2905834500E254E8 /* AppCoordinator.swift */,
			);
			path = Coordinator;
			sourceTree = "<group>";
		};
		0A2D6CDF2905B56900E254E8 /* UIElements */ = {
			isa = PBXGroup;
			children = (
				0A2D6CE32905B67C00E254E8 /* CustomizedNavigationController.swift */,
			);
			path = UIElements;
			sourceTree = "<group>";
		};
		0A2D6CE02905B62C00E254E8 /* DataManagers */ = {
			isa = PBXGroup;
			children = (
				0A927FA629069C090027C3C4 /* NetworkManager.swift */,
				0A308357290AE2EC00BC15AE /* CoreDataManager.swift */,
			);
			path = DataManagers;
			sourceTree = "<group>";
		};
		0A308352290AD97300BC15AE /* Model */ = {
			isa = PBXGroup;
			children = (
				0A308353290AD98800BC15AE /* PokemonCharacteristics.swift */,
			);
			path = Model;
			sourceTree = "<group>";
		};
		0A984C082908631300313BAA /* PokemonsTableModule */ = {
			isa = PBXGroup;
			children = (
				0A984C0B2908633600313BAA /* Model */,
				0A984C0A2908632C00313BAA /* Presenter */,
				0A984C092908632600313BAA /* Views */,
			);
			path = PokemonsTableModule;
			sourceTree = "<group>";
		};
		0A984C092908632600313BAA /* Views */ = {
			isa = PBXGroup;
			children = (
				0A2D6CE52905B84D00E254E8 /* StartScreenView.swift */,
				0A2D6CA42902ED6400E254E8 /* StartViewController.swift */,
			);
			path = Views;
			sourceTree = "<group>";
		};
		0A984C0A2908632C00313BAA /* Presenter */ = {
			isa = PBXGroup;
			children = (
				0A927FA2290683E10027C3C4 /* StartPresenter.swift */,
			);
			path = Presenter;
			sourceTree = "<group>";
		};
		0A984C0B2908633600313BAA /* Model */ = {
			isa = PBXGroup;
			children = (
				0A927FA42906840F0027C3C4 /* PokemonData.swift */,
			);
			path = Model;
			sourceTree = "<group>";
		};
		0A984C0C290863AA00313BAA /* PokemonCharacteristicsModule */ = {
			isa = PBXGroup;
			children = (
				0A308352290AD97300BC15AE /* Model */,
				0A984C0E290863C400313BAA /* Views */,
				0A984C0D290863BB00313BAA /* Presenter */,
			);
			path = PokemonCharacteristicsModule;
			sourceTree = "<group>";
		};
		0A984C0D290863BB00313BAA /* Presenter */ = {
			isa = PBXGroup;
			children = (
				0A308355290ADFF300BC15AE /* CharacteristicsPresenter.swift */,
			);
			path = Presenter;
			sourceTree = "<group>";
		};
		0A984C0E290863C400313BAA /* Views */ = {
			isa = PBXGroup;
			children = (
				0A30834E290AD95E00BC15AE /* CharacteristicsViewController.swift */,
			);
			path = Views;
			sourceTree = "<group>";
		};
		8C8612FCE41E90B4CD40760D /* Frameworks */ = {
			isa = PBXGroup;
			children = (
				50B254D8BE99C78C30BA0B4C /* Pods_PokemonApp.framework */,
				D538EB74F67D6061369BD07A /* Pods_PokemonApp_PokemonAppUITests.framework */,
				04F30212AF687EB1CE3748C9 /* Pods_PokemonAppTests.framework */,
			);
			name = Frameworks;
			sourceTree = "<group>";
		};
		9C16DDC9C146D13022AC33FD /* Pods */ = {
			isa = PBXGroup;
			children = (
				F2E77BA9997312726BB5344C /* Pods-PokemonApp.debug.xcconfig */,
				8C70AABB38DC86B2715FB857 /* Pods-PokemonApp.release.xcconfig */,
				9CE3F2C08AA5103B7A7977BE /* Pods-PokemonApp-PokemonAppUITests.debug.xcconfig */,
				A495AB2AAD78C04D89E7E7C8 /* Pods-PokemonApp-PokemonAppUITests.release.xcconfig */,
				9DB9E8AC1528076BB6D87FAF /* Pods-PokemonAppTests.debug.xcconfig */,
				368F05BACBDFB5E0E937B8CD /* Pods-PokemonAppTests.release.xcconfig */,
			);
			path = Pods;
			sourceTree = "<group>";
		};
/* End PBXGroup section */

/* Begin PBXNativeTarget section */
		0A2D6C9C2902ED6400E254E8 /* PokemonApp */ = {
			isa = PBXNativeTarget;
			buildConfigurationList = 0A2D6CCA2902ED6700E254E8 /* Build configuration list for PBXNativeTarget "PokemonApp" */;
			buildPhases = (
				8494B6F8F8D4F2097FB4338E /* [CP] Check Pods Manifest.lock */,
				0A2D6C992902ED6400E254E8 /* Sources */,
				0A2D6C9A2902ED6400E254E8 /* Frameworks */,
				0A2D6C9B2902ED6400E254E8 /* Resources */,
				3B44175C3064F31200A923F8 /* [CP] Embed Pods Frameworks */,
				0AA7DEED291A633100174118 /* ShellScript */,
			);
			buildRules = (
			);
			dependencies = (
			);
			name = PokemonApp;
			productName = PokemonApp;
			productReference = 0A2D6C9D2902ED6400E254E8 /* PokemonApp.app */;
			productType = "com.apple.product-type.application";
		};
		0A2D6CB52902ED6700E254E8 /* PokemonAppTests */ = {
			isa = PBXNativeTarget;
			buildConfigurationList = 0A2D6CCD2902ED6700E254E8 /* Build configuration list for PBXNativeTarget "PokemonAppTests" */;
			buildPhases = (
				C25AC2CED61CB802A22BBCB5 /* [CP] Check Pods Manifest.lock */,
				0A2D6CB22902ED6700E254E8 /* Sources */,
				0A2D6CB32902ED6700E254E8 /* Frameworks */,
				0A2D6CB42902ED6700E254E8 /* Resources */,
			);
			buildRules = (
			);
			dependencies = (
				0A2D6CB82902ED6700E254E8 /* PBXTargetDependency */,
			);
			name = PokemonAppTests;
			productName = PokemonAppTests;
			productReference = 0A2D6CB62902ED6700E254E8 /* PokemonAppTests.xctest */;
			productType = "com.apple.product-type.bundle.unit-test";
		};
		0A2D6CBF2902ED6700E254E8 /* PokemonAppUITests */ = {
			isa = PBXNativeTarget;
			buildConfigurationList = 0A2D6CD02902ED6700E254E8 /* Build configuration list for PBXNativeTarget "PokemonAppUITests" */;
			buildPhases = (
				11C00399436A0F61C96C14E9 /* [CP] Check Pods Manifest.lock */,
				0A2D6CBC2902ED6700E254E8 /* Sources */,
				0A2D6CBD2902ED6700E254E8 /* Frameworks */,
				0A2D6CBE2902ED6700E254E8 /* Resources */,
				B6F86CEFBC403034EAA175A7 /* [CP] Embed Pods Frameworks */,
			);
			buildRules = (
			);
			dependencies = (
				0A2D6CC22902ED6700E254E8 /* PBXTargetDependency */,
			);
			name = PokemonAppUITests;
			productName = PokemonAppUITests;
			productReference = 0A2D6CC02902ED6700E254E8 /* PokemonAppUITests.xctest */;
			productType = "com.apple.product-type.bundle.ui-testing";
		};
/* End PBXNativeTarget section */

/* Begin PBXProject section */
		0A2D6C952902ED6300E254E8 /* Project object */ = {
			isa = PBXProject;
			attributes = {
				BuildIndependentTargetsInParallel = 1;
				LastSwiftUpdateCheck = 1400;
				LastUpgradeCheck = 1400;
				TargetAttributes = {
					0A2D6C9C2902ED6400E254E8 = {
						CreatedOnToolsVersion = 14.0;
					};
					0A2D6CB52902ED6700E254E8 = {
						CreatedOnToolsVersion = 14.0;
						TestTargetID = 0A2D6C9C2902ED6400E254E8;
					};
					0A2D6CBF2902ED6700E254E8 = {
						CreatedOnToolsVersion = 14.0;
						TestTargetID = 0A2D6C9C2902ED6400E254E8;
					};
				};
			};
			buildConfigurationList = 0A2D6C982902ED6300E254E8 /* Build configuration list for PBXProject "PokemonApp" */;
			compatibilityVersion = "Xcode 14.0";
			developmentRegion = en;
			hasScannedForEncodings = 0;
			knownRegions = (
				en,
				Base,
			);
			mainGroup = 0A2D6C942902ED6300E254E8;
			productRefGroup = 0A2D6C9E2902ED6400E254E8 /* Products */;
			projectDirPath = "";
			projectRoot = "";
			targets = (
				0A2D6C9C2902ED6400E254E8 /* PokemonApp */,
				0A2D6CB52902ED6700E254E8 /* PokemonAppTests */,
				0A2D6CBF2902ED6700E254E8 /* PokemonAppUITests */,
			);
		};
/* End PBXProject section */

/* Begin PBXResourcesBuildPhase section */
		0A2D6C9B2902ED6400E254E8 /* Resources */ = {
			isa = PBXResourcesBuildPhase;
			buildActionMask = 2147483647;
			files = (
				0A2D6CAD2902ED6700E254E8 /* Assets.xcassets in Resources */,
				0A2D6CA82902ED6400E254E8 /* Main.storyboard in Resources */,
			);
			runOnlyForDeploymentPostprocessing = 0;
		};
		0A2D6CB42902ED6700E254E8 /* Resources */ = {
			isa = PBXResourcesBuildPhase;
			buildActionMask = 2147483647;
			files = (
			);
			runOnlyForDeploymentPostprocessing = 0;
		};
		0A2D6CBE2902ED6700E254E8 /* Resources */ = {
			isa = PBXResourcesBuildPhase;
			buildActionMask = 2147483647;
			files = (
			);
			runOnlyForDeploymentPostprocessing = 0;
		};
/* End PBXResourcesBuildPhase section */

/* Begin PBXShellScriptBuildPhase section */
		0AA7DEED291A633100174118 /* ShellScript */ = {
			isa = PBXShellScriptBuildPhase;
			alwaysOutOfDate = 1;
			buildActionMask = 2147483647;
			files = (
			);
			inputFileListPaths = (
			);
			inputPaths = (
			);
			outputFileListPaths = (
			);
			outputPaths = (
				"\"$SRCROOT/PokemonApp/R.generated.swift\"",
			);
			runOnlyForDeploymentPostprocessing = 0;
			shellPath = /bin/sh;
			shellScript = "# Type a script or drag a script file from your workspace to insert its path.\n\"$PODS_ROOT/R.swift/rswift\" generate \"$SRCROOT/PokemonApp/R.generated.swift\"\n";
		};
		11C00399436A0F61C96C14E9 /* [CP] Check Pods Manifest.lock */ = {
			isa = PBXShellScriptBuildPhase;
			buildActionMask = 2147483647;
			files = (
			);
			inputFileListPaths = (
			);
			inputPaths = (
				"${PODS_PODFILE_DIR_PATH}/Podfile.lock",
				"${PODS_ROOT}/Manifest.lock",
			);
			name = "[CP] Check Pods Manifest.lock";
			outputFileListPaths = (
			);
			outputPaths = (
				"$(DERIVED_FILE_DIR)/Pods-PokemonApp-PokemonAppUITests-checkManifestLockResult.txt",
			);
			runOnlyForDeploymentPostprocessing = 0;
			shellPath = /bin/sh;
			shellScript = "diff \"${PODS_PODFILE_DIR_PATH}/Podfile.lock\" \"${PODS_ROOT}/Manifest.lock\" > /dev/null\nif [ $? != 0 ] ; then\n    # print error to STDERR\n    echo \"error: The sandbox is not in sync with the Podfile.lock. Run 'pod install' or update your CocoaPods installation.\" >&2\n    exit 1\nfi\n# This output is used by Xcode 'outputs' to avoid re-running this script phase.\necho \"SUCCESS\" > \"${SCRIPT_OUTPUT_FILE_0}\"\n";
			showEnvVarsInLog = 0;
		};
		3B44175C3064F31200A923F8 /* [CP] Embed Pods Frameworks */ = {
			isa = PBXShellScriptBuildPhase;
			buildActionMask = 2147483647;
			files = (
			);
			inputFileListPaths = (
				"${PODS_ROOT}/Target Support Files/Pods-PokemonApp/Pods-PokemonApp-frameworks-${CONFIGURATION}-input-files.xcfilelist",
			);
			name = "[CP] Embed Pods Frameworks";
			outputFileListPaths = (
				"${PODS_ROOT}/Target Support Files/Pods-PokemonApp/Pods-PokemonApp-frameworks-${CONFIGURATION}-output-files.xcfilelist",
			);
			runOnlyForDeploymentPostprocessing = 0;
			shellPath = /bin/sh;
			shellScript = "\"${PODS_ROOT}/Target Support Files/Pods-PokemonApp/Pods-PokemonApp-frameworks.sh\"\n";
			showEnvVarsInLog = 0;
		};
		8494B6F8F8D4F2097FB4338E /* [CP] Check Pods Manifest.lock */ = {
			isa = PBXShellScriptBuildPhase;
			buildActionMask = 2147483647;
			files = (
			);
			inputFileListPaths = (
			);
			inputPaths = (
				"${PODS_PODFILE_DIR_PATH}/Podfile.lock",
				"${PODS_ROOT}/Manifest.lock",
			);
			name = "[CP] Check Pods Manifest.lock";
			outputFileListPaths = (
			);
			outputPaths = (
				"$(DERIVED_FILE_DIR)/Pods-PokemonApp-checkManifestLockResult.txt",
			);
			runOnlyForDeploymentPostprocessing = 0;
			shellPath = /bin/sh;
			shellScript = "diff \"${PODS_PODFILE_DIR_PATH}/Podfile.lock\" \"${PODS_ROOT}/Manifest.lock\" > /dev/null\nif [ $? != 0 ] ; then\n    # print error to STDERR\n    echo \"error: The sandbox is not in sync with the Podfile.lock. Run 'pod install' or update your CocoaPods installation.\" >&2\n    exit 1\nfi\n# This output is used by Xcode 'outputs' to avoid re-running this script phase.\necho \"SUCCESS\" > \"${SCRIPT_OUTPUT_FILE_0}\"\n";
			showEnvVarsInLog = 0;
		};
		B6F86CEFBC403034EAA175A7 /* [CP] Embed Pods Frameworks */ = {
			isa = PBXShellScriptBuildPhase;
			buildActionMask = 2147483647;
			files = (
			);
			inputFileListPaths = (
				"${PODS_ROOT}/Target Support Files/Pods-PokemonApp-PokemonAppUITests/Pods-PokemonApp-PokemonAppUITests-frameworks-${CONFIGURATION}-input-files.xcfilelist",
			);
			name = "[CP] Embed Pods Frameworks";
			outputFileListPaths = (
				"${PODS_ROOT}/Target Support Files/Pods-PokemonApp-PokemonAppUITests/Pods-PokemonApp-PokemonAppUITests-frameworks-${CONFIGURATION}-output-files.xcfilelist",
			);
			runOnlyForDeploymentPostprocessing = 0;
			shellPath = /bin/sh;
			shellScript = "\"${PODS_ROOT}/Target Support Files/Pods-PokemonApp-PokemonAppUITests/Pods-PokemonApp-PokemonAppUITests-frameworks.sh\"\n";
			showEnvVarsInLog = 0;
		};
		C25AC2CED61CB802A22BBCB5 /* [CP] Check Pods Manifest.lock */ = {
			isa = PBXShellScriptBuildPhase;
			buildActionMask = 2147483647;
			files = (
			);
			inputFileListPaths = (
			);
			inputPaths = (
				"${PODS_PODFILE_DIR_PATH}/Podfile.lock",
				"${PODS_ROOT}/Manifest.lock",
			);
			name = "[CP] Check Pods Manifest.lock";
			outputFileListPaths = (
			);
			outputPaths = (
				"$(DERIVED_FILE_DIR)/Pods-PokemonAppTests-checkManifestLockResult.txt",
			);
			runOnlyForDeploymentPostprocessing = 0;
			shellPath = /bin/sh;
			shellScript = "diff \"${PODS_PODFILE_DIR_PATH}/Podfile.lock\" \"${PODS_ROOT}/Manifest.lock\" > /dev/null\nif [ $? != 0 ] ; then\n    # print error to STDERR\n    echo \"error: The sandbox is not in sync with the Podfile.lock. Run 'pod install' or update your CocoaPods installation.\" >&2\n    exit 1\nfi\n# This output is used by Xcode 'outputs' to avoid re-running this script phase.\necho \"SUCCESS\" > \"${SCRIPT_OUTPUT_FILE_0}\"\n";
			showEnvVarsInLog = 0;
		};
/* End PBXShellScriptBuildPhase section */

/* Begin PBXSourcesBuildPhase section */
		0A2D6C992902ED6400E254E8 /* Sources */ = {
			isa = PBXSourcesBuildPhase;
			buildActionMask = 2147483647;
			files = (
				0A2D6CA52902ED6400E254E8 /* StartViewController.swift in Sources */,
				0A30834F290AD95E00BC15AE /* CharacteristicsViewController.swift in Sources */,
				0A2D6CAB2902ED6400E254E8 /* PokemonApp.xcdatamodeld in Sources */,
				0A1F5CCB2914FA4000B13694 /* UnwrapError.swift in Sources */,
				0A308358290AE2EC00BC15AE /* CoreDataManager.swift in Sources */,
				0A2D6CE62905B84D00E254E8 /* StartScreenView.swift in Sources */,
				0A2D6CDC290581F700E254E8 /* CoordinatorProtocol.swift in Sources */,
				0A308356290ADFF300BC15AE /* CharacteristicsPresenter.swift in Sources */,
				0A927FA729069C090027C3C4 /* NetworkManager.swift in Sources */,
				0A2D6CA12902ED6400E254E8 /* AppDelegate.swift in Sources */,
				0A1F5CC92914F09D00B13694 /* NetworkError.swift in Sources */,
				0AA7DEEF291A661700174118 /* R.generated.swift in Sources */,
				0A927FA3290683E10027C3C4 /* StartPresenter.swift in Sources */,
				0A2D6CE42905B67C00E254E8 /* CustomizedNavigationController.swift in Sources */,
				0A2D6CDE2905834500E254E8 /* AppCoordinator.swift in Sources */,
				0A308354290AD98800BC15AE /* PokemonCharacteristics.swift in Sources */,
				0A1F5CCF2919727C00B13694 /* PokemonURLS.swift in Sources */,
				0A927FA52906840F0027C3C4 /* PokemonData.swift in Sources */,
			);
			runOnlyForDeploymentPostprocessing = 0;
		};
		0A2D6CB22902ED6700E254E8 /* Sources */ = {
			isa = PBXSourcesBuildPhase;
			buildActionMask = 2147483647;
			files = (
				0A2D6CBB2902ED6700E254E8 /* PokemonAppTests.swift in Sources */,
			);
			runOnlyForDeploymentPostprocessing = 0;
		};
		0A2D6CBC2902ED6700E254E8 /* Sources */ = {
			isa = PBXSourcesBuildPhase;
			buildActionMask = 2147483647;
			files = (
				0A2D6CC72902ED6700E254E8 /* PokemonAppUITestsLaunchTests.swift in Sources */,
				0A2D6CC52902ED6700E254E8 /* PokemonAppUITests.swift in Sources */,
			);
			runOnlyForDeploymentPostprocessing = 0;
		};
/* End PBXSourcesBuildPhase section */

/* Begin PBXTargetDependency section */
		0A2D6CB82902ED6700E254E8 /* PBXTargetDependency */ = {
			isa = PBXTargetDependency;
			target = 0A2D6C9C2902ED6400E254E8 /* PokemonApp */;
			targetProxy = 0A2D6CB72902ED6700E254E8 /* PBXContainerItemProxy */;
		};
		0A2D6CC22902ED6700E254E8 /* PBXTargetDependency */ = {
			isa = PBXTargetDependency;
			target = 0A2D6C9C2902ED6400E254E8 /* PokemonApp */;
			targetProxy = 0A2D6CC12902ED6700E254E8 /* PBXContainerItemProxy */;
		};
/* End PBXTargetDependency section */

/* Begin PBXVariantGroup section */
		0A2D6CA62902ED6400E254E8 /* Main.storyboard */ = {
			isa = PBXVariantGroup;
			children = (
				0A2D6CA72902ED6400E254E8 /* Base */,
			);
			name = Main.storyboard;
			sourceTree = "<group>";
		};
/* End PBXVariantGroup section */

/* Begin XCBuildConfiguration section */
		0A2D6CC82902ED6700E254E8 /* Debug */ = {
			isa = XCBuildConfiguration;
			buildSettings = {
				ALWAYS_SEARCH_USER_PATHS = NO;
				CLANG_ANALYZER_NONNULL = YES;
				CLANG_ANALYZER_NUMBER_OBJECT_CONVERSION = YES_AGGRESSIVE;
				CLANG_CXX_LANGUAGE_STANDARD = "gnu++20";
				CLANG_ENABLE_MODULES = YES;
				CLANG_ENABLE_OBJC_ARC = YES;
				CLANG_ENABLE_OBJC_WEAK = YES;
				CLANG_WARN_BLOCK_CAPTURE_AUTORELEASING = YES;
				CLANG_WARN_BOOL_CONVERSION = YES;
				CLANG_WARN_COMMA = YES;
				CLANG_WARN_CONSTANT_CONVERSION = YES;
				CLANG_WARN_DEPRECATED_OBJC_IMPLEMENTATIONS = YES;
				CLANG_WARN_DIRECT_OBJC_ISA_USAGE = YES_ERROR;
				CLANG_WARN_DOCUMENTATION_COMMENTS = YES;
				CLANG_WARN_EMPTY_BODY = YES;
				CLANG_WARN_ENUM_CONVERSION = YES;
				CLANG_WARN_INFINITE_RECURSION = YES;
				CLANG_WARN_INT_CONVERSION = YES;
				CLANG_WARN_NON_LITERAL_NULL_CONVERSION = YES;
				CLANG_WARN_OBJC_IMPLICIT_RETAIN_SELF = YES;
				CLANG_WARN_OBJC_LITERAL_CONVERSION = YES;
				CLANG_WARN_OBJC_ROOT_CLASS = YES_ERROR;
				CLANG_WARN_QUOTED_INCLUDE_IN_FRAMEWORK_HEADER = YES;
				CLANG_WARN_RANGE_LOOP_ANALYSIS = YES;
				CLANG_WARN_STRICT_PROTOTYPES = YES;
				CLANG_WARN_SUSPICIOUS_MOVE = YES;
				CLANG_WARN_UNGUARDED_AVAILABILITY = YES_AGGRESSIVE;
				CLANG_WARN_UNREACHABLE_CODE = YES;
				CLANG_WARN__DUPLICATE_METHOD_MATCH = YES;
				COPY_PHASE_STRIP = NO;
				DEBUG_INFORMATION_FORMAT = dwarf;
				ENABLE_STRICT_OBJC_MSGSEND = YES;
				ENABLE_TESTABILITY = YES;
				GCC_C_LANGUAGE_STANDARD = gnu11;
				GCC_DYNAMIC_NO_PIC = NO;
				GCC_NO_COMMON_BLOCKS = YES;
				GCC_OPTIMIZATION_LEVEL = 0;
				GCC_PREPROCESSOR_DEFINITIONS = (
					"DEBUG=1",
					"$(inherited)",
				);
				GCC_WARN_64_TO_32_BIT_CONVERSION = YES;
				GCC_WARN_ABOUT_RETURN_TYPE = YES_ERROR;
				GCC_WARN_UNDECLARED_SELECTOR = YES;
				GCC_WARN_UNINITIALIZED_AUTOS = YES_AGGRESSIVE;
				GCC_WARN_UNUSED_FUNCTION = YES;
				GCC_WARN_UNUSED_VARIABLE = YES;
				IPHONEOS_DEPLOYMENT_TARGET = 16.0;
				MTL_ENABLE_DEBUG_INFO = INCLUDE_SOURCE;
				MTL_FAST_MATH = YES;
				ONLY_ACTIVE_ARCH = YES;
				SDKROOT = iphoneos;
				SWIFT_ACTIVE_COMPILATION_CONDITIONS = DEBUG;
				SWIFT_OPTIMIZATION_LEVEL = "-Onone";
			};
			name = Debug;
		};
		0A2D6CC92902ED6700E254E8 /* Release */ = {
			isa = XCBuildConfiguration;
			buildSettings = {
				ALWAYS_SEARCH_USER_PATHS = NO;
				CLANG_ANALYZER_NONNULL = YES;
				CLANG_ANALYZER_NUMBER_OBJECT_CONVERSION = YES_AGGRESSIVE;
				CLANG_CXX_LANGUAGE_STANDARD = "gnu++20";
				CLANG_ENABLE_MODULES = YES;
				CLANG_ENABLE_OBJC_ARC = YES;
				CLANG_ENABLE_OBJC_WEAK = YES;
				CLANG_WARN_BLOCK_CAPTURE_AUTORELEASING = YES;
				CLANG_WARN_BOOL_CONVERSION = YES;
				CLANG_WARN_COMMA = YES;
				CLANG_WARN_CONSTANT_CONVERSION = YES;
				CLANG_WARN_DEPRECATED_OBJC_IMPLEMENTATIONS = YES;
				CLANG_WARN_DIRECT_OBJC_ISA_USAGE = YES_ERROR;
				CLANG_WARN_DOCUMENTATION_COMMENTS = YES;
				CLANG_WARN_EMPTY_BODY = YES;
				CLANG_WARN_ENUM_CONVERSION = YES;
				CLANG_WARN_INFINITE_RECURSION = YES;
				CLANG_WARN_INT_CONVERSION = YES;
				CLANG_WARN_NON_LITERAL_NULL_CONVERSION = YES;
				CLANG_WARN_OBJC_IMPLICIT_RETAIN_SELF = YES;
				CLANG_WARN_OBJC_LITERAL_CONVERSION = YES;
				CLANG_WARN_OBJC_ROOT_CLASS = YES_ERROR;
				CLANG_WARN_QUOTED_INCLUDE_IN_FRAMEWORK_HEADER = YES;
				CLANG_WARN_RANGE_LOOP_ANALYSIS = YES;
				CLANG_WARN_STRICT_PROTOTYPES = YES;
				CLANG_WARN_SUSPICIOUS_MOVE = YES;
				CLANG_WARN_UNGUARDED_AVAILABILITY = YES_AGGRESSIVE;
				CLANG_WARN_UNREACHABLE_CODE = YES;
				CLANG_WARN__DUPLICATE_METHOD_MATCH = YES;
				COPY_PHASE_STRIP = NO;
				DEBUG_INFORMATION_FORMAT = "dwarf-with-dsym";
				ENABLE_NS_ASSERTIONS = NO;
				ENABLE_STRICT_OBJC_MSGSEND = YES;
				GCC_C_LANGUAGE_STANDARD = gnu11;
				GCC_NO_COMMON_BLOCKS = YES;
				GCC_WARN_64_TO_32_BIT_CONVERSION = YES;
				GCC_WARN_ABOUT_RETURN_TYPE = YES_ERROR;
				GCC_WARN_UNDECLARED_SELECTOR = YES;
				GCC_WARN_UNINITIALIZED_AUTOS = YES_AGGRESSIVE;
				GCC_WARN_UNUSED_FUNCTION = YES;
				GCC_WARN_UNUSED_VARIABLE = YES;
				IPHONEOS_DEPLOYMENT_TARGET = 16.0;
				MTL_ENABLE_DEBUG_INFO = NO;
				MTL_FAST_MATH = YES;
				SDKROOT = iphoneos;
				SWIFT_COMPILATION_MODE = wholemodule;
				SWIFT_OPTIMIZATION_LEVEL = "-O";
				VALIDATE_PRODUCT = YES;
			};
			name = Release;
		};
		0A2D6CCB2902ED6700E254E8 /* Debug */ = {
			isa = XCBuildConfiguration;
			baseConfigurationReference = F2E77BA9997312726BB5344C /* Pods-PokemonApp.debug.xcconfig */;
			buildSettings = {
				ASSETCATALOG_COMPILER_APPICON_NAME = AppIcon;
				ASSETCATALOG_COMPILER_GLOBAL_ACCENT_COLOR_NAME = AccentColor;
				CODE_SIGN_STYLE = Automatic;
				CURRENT_PROJECT_VERSION = 1;
				DEVELOPMENT_TEAM = 696B69YM9F;
				GENERATE_INFOPLIST_FILE = YES;
				INFOPLIST_FILE = PokemonApp/Info.plist;
				INFOPLIST_KEY_UIApplicationSupportsIndirectInputEvents = YES;
				INFOPLIST_KEY_UILaunchStoryboardName = LaunchScreen;
				INFOPLIST_KEY_UIMainStoryboardFile = Main;
				INFOPLIST_KEY_UIStatusBarStyle = "";
				INFOPLIST_KEY_UISupportedInterfaceOrientations = UIInterfaceOrientationPortrait;
				INFOPLIST_KEY_UISupportedInterfaceOrientations_iPad = "UIInterfaceOrientationLandscapeLeft UIInterfaceOrientationLandscapeRight UIInterfaceOrientationPortrait UIInterfaceOrientationPortraitUpsideDown";
				LD_RUNPATH_SEARCH_PATHS = (
					"$(inherited)",
					"@executable_path/Frameworks",
				);
				MARKETING_VERSION = 1.0;
				PRODUCT_BUNDLE_IDENTIFIER = KhoroshkoNikita.PokemonApp;
				PRODUCT_NAME = "$(TARGET_NAME)";
				SUPPORTED_PLATFORMS = "iphoneos iphonesimulator";
				SUPPORTS_MACCATALYST = NO;
				SUPPORTS_MAC_DESIGNED_FOR_IPHONE_IPAD = NO;
				SWIFT_EMIT_LOC_STRINGS = YES;
				SWIFT_VERSION = 5.0;
				TARGETED_DEVICE_FAMILY = 1;
			};
			name = Debug;
		};
		0A2D6CCC2902ED6700E254E8 /* Release */ = {
			isa = XCBuildConfiguration;
			baseConfigurationReference = 8C70AABB38DC86B2715FB857 /* Pods-PokemonApp.release.xcconfig */;
			buildSettings = {
				ASSETCATALOG_COMPILER_APPICON_NAME = AppIcon;
				ASSETCATALOG_COMPILER_GLOBAL_ACCENT_COLOR_NAME = AccentColor;
				CODE_SIGN_STYLE = Automatic;
				CURRENT_PROJECT_VERSION = 1;
				DEVELOPMENT_TEAM = 696B69YM9F;
				GENERATE_INFOPLIST_FILE = YES;
				INFOPLIST_FILE = PokemonApp/Info.plist;
				INFOPLIST_KEY_UIApplicationSupportsIndirectInputEvents = YES;
				INFOPLIST_KEY_UILaunchStoryboardName = LaunchScreen;
				INFOPLIST_KEY_UIMainStoryboardFile = Main;
				INFOPLIST_KEY_UIStatusBarStyle = "";
				INFOPLIST_KEY_UISupportedInterfaceOrientations = UIInterfaceOrientationPortrait;
				INFOPLIST_KEY_UISupportedInterfaceOrientations_iPad = "UIInterfaceOrientationLandscapeLeft UIInterfaceOrientationLandscapeRight UIInterfaceOrientationPortrait UIInterfaceOrientationPortraitUpsideDown";
				LD_RUNPATH_SEARCH_PATHS = (
					"$(inherited)",
					"@executable_path/Frameworks",
				);
				MARKETING_VERSION = 1.0;
				PRODUCT_BUNDLE_IDENTIFIER = KhoroshkoNikita.PokemonApp;
				PRODUCT_NAME = "$(TARGET_NAME)";
				SUPPORTED_PLATFORMS = "iphoneos iphonesimulator";
				SUPPORTS_MACCATALYST = NO;
				SUPPORTS_MAC_DESIGNED_FOR_IPHONE_IPAD = NO;
				SWIFT_EMIT_LOC_STRINGS = YES;
				SWIFT_VERSION = 5.0;
				TARGETED_DEVICE_FAMILY = 1;
			};
			name = Release;
		};
		0A2D6CCE2902ED6700E254E8 /* Debug */ = {
			isa = XCBuildConfiguration;
			baseConfigurationReference = 9DB9E8AC1528076BB6D87FAF /* Pods-PokemonAppTests.debug.xcconfig */;
			buildSettings = {
				ALWAYS_EMBED_SWIFT_STANDARD_LIBRARIES = YES;
				BUNDLE_LOADER = "$(TEST_HOST)";
				CODE_SIGN_STYLE = Automatic;
				CURRENT_PROJECT_VERSION = 1;
				DEVELOPMENT_TEAM = 696B69YM9F;
				GENERATE_INFOPLIST_FILE = YES;
				IPHONEOS_DEPLOYMENT_TARGET = 16.0;
				MARKETING_VERSION = 1.0;
				PRODUCT_BUNDLE_IDENTIFIER = KhoroshkoNikita.PokemonAppTests;
				PRODUCT_NAME = "$(TARGET_NAME)";
				SWIFT_EMIT_LOC_STRINGS = NO;
				SWIFT_VERSION = 5.0;
				TARGETED_DEVICE_FAMILY = "1,2";
				TEST_HOST = "$(BUILT_PRODUCTS_DIR)/PokemonApp.app/$(BUNDLE_EXECUTABLE_FOLDER_PATH)/PokemonApp";
			};
			name = Debug;
		};
		0A2D6CCF2902ED6700E254E8 /* Release */ = {
			isa = XCBuildConfiguration;
			baseConfigurationReference = 368F05BACBDFB5E0E937B8CD /* Pods-PokemonAppTests.release.xcconfig */;
			buildSettings = {
				ALWAYS_EMBED_SWIFT_STANDARD_LIBRARIES = YES;
				BUNDLE_LOADER = "$(TEST_HOST)";
				CODE_SIGN_STYLE = Automatic;
				CURRENT_PROJECT_VERSION = 1;
				DEVELOPMENT_TEAM = 696B69YM9F;
				GENERATE_INFOPLIST_FILE = YES;
				IPHONEOS_DEPLOYMENT_TARGET = 16.0;
				MARKETING_VERSION = 1.0;
				PRODUCT_BUNDLE_IDENTIFIER = KhoroshkoNikita.PokemonAppTests;
				PRODUCT_NAME = "$(TARGET_NAME)";
				SWIFT_EMIT_LOC_STRINGS = NO;
				SWIFT_VERSION = 5.0;
				TARGETED_DEVICE_FAMILY = "1,2";
				TEST_HOST = "$(BUILT_PRODUCTS_DIR)/PokemonApp.app/$(BUNDLE_EXECUTABLE_FOLDER_PATH)/PokemonApp";
			};
			name = Release;
		};
		0A2D6CD12902ED6700E254E8 /* Debug */ = {
			isa = XCBuildConfiguration;
			baseConfigurationReference = 9CE3F2C08AA5103B7A7977BE /* Pods-PokemonApp-PokemonAppUITests.debug.xcconfig */;
			buildSettings = {
				ALWAYS_EMBED_SWIFT_STANDARD_LIBRARIES = YES;
				CODE_SIGN_STYLE = Automatic;
				CURRENT_PROJECT_VERSION = 1;
				DEVELOPMENT_TEAM = 696B69YM9F;
				GENERATE_INFOPLIST_FILE = YES;
				MARKETING_VERSION = 1.0;
				PRODUCT_BUNDLE_IDENTIFIER = KhoroshkoNikita.PokemonAppUITests;
				PRODUCT_NAME = "$(TARGET_NAME)";
				SWIFT_EMIT_LOC_STRINGS = NO;
				SWIFT_VERSION = 5.0;
				TARGETED_DEVICE_FAMILY = "1,2";
				TEST_TARGET_NAME = PokemonApp;
			};
			name = Debug;
		};
		0A2D6CD22902ED6700E254E8 /* Release */ = {
			isa = XCBuildConfiguration;
			baseConfigurationReference = A495AB2AAD78C04D89E7E7C8 /* Pods-PokemonApp-PokemonAppUITests.release.xcconfig */;
			buildSettings = {
				ALWAYS_EMBED_SWIFT_STANDARD_LIBRARIES = YES;
				CODE_SIGN_STYLE = Automatic;
				CURRENT_PROJECT_VERSION = 1;
				DEVELOPMENT_TEAM = 696B69YM9F;
				GENERATE_INFOPLIST_FILE = YES;
				MARKETING_VERSION = 1.0;
				PRODUCT_BUNDLE_IDENTIFIER = KhoroshkoNikita.PokemonAppUITests;
				PRODUCT_NAME = "$(TARGET_NAME)";
				SWIFT_EMIT_LOC_STRINGS = NO;
				SWIFT_VERSION = 5.0;
				TARGETED_DEVICE_FAMILY = "1,2";
				TEST_TARGET_NAME = PokemonApp;
			};
			name = Release;
		};
/* End XCBuildConfiguration section */

/* Begin XCConfigurationList section */
		0A2D6C982902ED6300E254E8 /* Build configuration list for PBXProject "PokemonApp" */ = {
			isa = XCConfigurationList;
			buildConfigurations = (
				0A2D6CC82902ED6700E254E8 /* Debug */,
				0A2D6CC92902ED6700E254E8 /* Release */,
			);
			defaultConfigurationIsVisible = 0;
			defaultConfigurationName = Release;
		};
		0A2D6CCA2902ED6700E254E8 /* Build configuration list for PBXNativeTarget "PokemonApp" */ = {
			isa = XCConfigurationList;
			buildConfigurations = (
				0A2D6CCB2902ED6700E254E8 /* Debug */,
				0A2D6CCC2902ED6700E254E8 /* Release */,
			);
			defaultConfigurationIsVisible = 0;
			defaultConfigurationName = Release;
		};
		0A2D6CCD2902ED6700E254E8 /* Build configuration list for PBXNativeTarget "PokemonAppTests" */ = {
			isa = XCConfigurationList;
			buildConfigurations = (
				0A2D6CCE2902ED6700E254E8 /* Debug */,
				0A2D6CCF2902ED6700E254E8 /* Release */,
			);
			defaultConfigurationIsVisible = 0;
			defaultConfigurationName = Release;
		};
		0A2D6CD02902ED6700E254E8 /* Build configuration list for PBXNativeTarget "PokemonAppUITests" */ = {
			isa = XCConfigurationList;
			buildConfigurations = (
				0A2D6CD12902ED6700E254E8 /* Debug */,
				0A2D6CD22902ED6700E254E8 /* Release */,
			);
			defaultConfigurationIsVisible = 0;
			defaultConfigurationName = Release;
		};
/* End XCConfigurationList section */

/* Begin XCVersionGroup section */
		0A2D6CA92902ED6400E254E8 /* PokemonApp.xcdatamodeld */ = {
			isa = XCVersionGroup;
			children = (
				0A2D6CAA2902ED6400E254E8 /* PokemonApp.xcdatamodel */,
			);
			currentVersion = 0A2D6CAA2902ED6400E254E8 /* PokemonApp.xcdatamodel */;
			path = PokemonApp.xcdatamodeld;
			sourceTree = "<group>";
			versionGroupType = wrapper.xcdatamodel;
		};
/* End XCVersionGroup section */
	};
	rootObject = 0A2D6C952902ED6300E254E8 /* Project object */;
}
